hash: 1cad0469211f7a9c47f57fcbcd8461f72b550902c39375090af90ece6ab0017a
updated: 2017-08-17T15:16:15.585842251+01:00
imports:
- name: github.com/pborman/uuid
  version: e790cca94e6cc75c7064b1332e63811d4aae1a53
- name: github.com/stretchr/testify
  version: 69483b4bd14f5845b5a1e55bca19e954e827f1d0
  subpackages:
  - assert
  - require
- name: golang.org/x/text
  version: a71fd10341b064c10f4a81ceac72bcf70f26ea34
  subpackages:
  - internal/tag
  - language
testImports:
- name: github.com/davecgh/go-spew
  version: 6d212800a42e8ab5c146b8ace3490ee17e5225f9
  subpackages:
  - spew
- name: github.com/pmezard/go-difflib
  version: d8ed2627bdf02c080bf22230dbb337003b7aba2d
  subpackages:
  - difflib
